<?xml version="1.0" encoding="UTF-8" standalone="yes" ?>
<CodeBlocks_project_file>
	<FileVersion major="1" minor="6" />
	<Project>
		<Option title="HardwareAlarmInterface" />
		<Option makefile_is_custom="1" />
		<Option pch_mode="2" />
		<Option compiler="psp_compiler" />
		<Build>
			<Target title="Debug">
				<Option output="bin\Debug\SysconAlarmInterface.elf" prefix_auto="1" extension_auto="0" />
				<Option object_output="obj\Debug\" />
				<Option type="1" />
				<Option compiler="psp_compiler" />
				<Compiler>
					<Add option="-O2" />
					<Add option="-W" />
					<Add option="-Wall" />
					<Add option="-g" />
				</Compiler>
				<MakeCommands>
					<Build command="$make -f $makefile" />
					<CompileFile command="$make -f $makefile $file" />
					<Clean command="$make -f $makefile clean" />
					<DistClean command="$make -f $makefile distclean" />
				</MakeCommands>
			</Target>
			<Target title="Release">
				<Option output="bin\Release\SysconAlarmInterface.elf" prefix_auto="1" extension_auto="0" />
				<Option object_output="obj\Release\" />
				<Option type="1" />
				<Option compiler="psp_compiler" />
				<Compiler>
					<Add option="-O2" />
					<Add option="-W" />
					<Add option="-Wall" />
				</Compiler>
				<Linker>
					<Add option="-s" />
				</Linker>
				<MakeCommands>
					<Build command="$make -f $makefile" />
					<CompileFile command="$make -f $makefile $file" />
					<Clean command="$make -f $makefile clean" />
					<DistClean command="$make -f $makefile distclean" />
				</MakeCommands>
			</Target>
		</Build>
		<Compiler>
			<Add option="-Wall" />
		</Compiler>
		<Unit filename="HaInterface.c">
			<Option compilerVar="CC" />
		</Unit>
		<Unit filename="Makefile" />
		<Unit filename="framebuffer.c">
			<Option compilerVar="CC" />
		</Unit>
		<Unit filename="framebuffer.h" />
		<Unit filename="graphics.c">
			<Option compilerVar="CC" />
		</Unit>
		<Unit filename="graphics.h" />
		<Unit filename="intraFont.c">
			<Option compilerVar="CC" />
		</Unit>
		<Unit filename="intraFont.h" />
		<Unit filename="mp3player.c">
			<Option compilerVar="CC" />
		</Unit>
		<Unit filename="mp3player.h" />
		<Unit filename="pgeWav.c">
			<Option compilerVar="CC" />
		</Unit>
		<Unit filename="pgeWav.h" />
		<Unit filename="version.h">
			<Option target="Release" />
		</Unit>
		<Unit filename="wavloader.h" />
		<Extensions>
			<code_completion />
			<debugger />
			<envvars />
			<AutoVersioning>
				<Scheme minor_max="10" build_max="0" rev_max="0" rev_rand_max="10" build_times_to_increment_minor="100" />
				<Settings autoincrement="1" date_declarations="1" do_auto_increment="1" ask_to_increment="0" language="C" svn="0" svn_directory="" header_path="version.h" />
				<Changes_Log show_changes_editor="0" app_title="released version %M.%m.%b of %p" changeslog_path="ChangesLog.txt" />
			</AutoVersioning>
		</Extensions>
	</Project>
</CodeBlocks_project_file>
